
Microsoft Visual Studio Solution File, Format Version 12.00
# Visual Studio Version 16
VisualStudioVersion = 16.0.29519.181
MinimumVisualStudioVersion = 10.0.40219.1
Project("{FAE04EC0-301F-11D3-BF4B-00C04F79EFBC}") = "Przykladowy_kolos", "Przykladowy_kolos\Przykladowy_kolos.csproj", "{48E6315D-38B8-4FBF-833C-C12C3FABFEBB}"
EndProject
Global
	GlobalSection(SolutionConfigurationPlatforms) = preSolution
		Debug|Any CPU = Debug|Any CPU
		Release|Any CPU = Release|Any CPU
	EndGlobalSection
	GlobalSection(ProjectConfigurationPlatforms) = postSolution
		{48E6315D-38B8-4FBF-833C-C12C3FABFEBB}.Debug|Any CPU.ActiveCfg = Debug|Any CPU
		{48E6315D-38B8-4FBF-833C-C12C3FABFEBB}.Debug|Any CPU.Build.0 = Debug|Any CPU
		{48E6315D-38B8-4FBF-833C-C12C3FABFEBB}.Release|Any CPU.ActiveCfg = Release|Any CPU
		{48E6315D-38B8-4FBF-833C-C12C3FABFEBB}.Release|Any CPU.Build.0 = Release|Any CPU
	EndGlobalSection
	GlobalSection(SolutionProperties) = preSolution
		HideSolutionNode = FALSE
	EndGlobalSection
	GlobalSection(ExtensibilityGlobals) = postSolution
		SolutionGuid = {0B8E3BCE-97C7-4FBA-B073-6D4126ABD08D}
	EndGlobalSection
EndGlobal
